// !$*UTF8*$!
{
	archiveVersion = 1;
	classes = {
	};
	objectVersion = 51;
	objects = {

/* Begin PBXBuildFile section */
		48779BAB34F7BC024554989F /* Pods_ZenTimer.framework in Frameworks */ = {isa = PBXBuildFile; fileRef = D4E9043E6BB911AF8827310B /* Pods_ZenTimer.framework */; };
		B448109C22FFC9270092E4F0 /* PDTimer.swift in Sources */ = {isa = PBXBuildFile; fileRef = B448109B22FFC9270092E4F0 /* PDTimer.swift */; };
		B448109E22FFC93A0092E4F0 /* PDTimerController.swift in Sources */ = {isa = PBXBuildFile; fileRef = B448109D22FFC93A0092E4F0 /* PDTimerController.swift */; };
		B44810A022FFCA2A0092E4F0 /* States.swift in Sources */ = {isa = PBXBuildFile; fileRef = B448109F22FFCA2A0092E4F0 /* States.swift */; };
		B44810A422FFDA3E0092E4F0 /* DoubleExtension.swift in Sources */ = {isa = PBXBuildFile; fileRef = B44810A322FFDA3E0092E4F0 /* DoubleExtension.swift */; };
		B4589CE02331D7DD007525F3 /* paper_onboarding.framework in Frameworks */ = {isa = PBXBuildFile; fileRef = B4589CDF2331D7DD007525F3 /* paper_onboarding.framework */; };
		B46181252331AD82008D5BC2 /* Onboarding.storyboard in Resources */ = {isa = PBXBuildFile; fileRef = B46181242331AD82008D5BC2 /* Onboarding.storyboard */; };
		B46181272331ADB4008D5BC2 /* OnboardingViewController.swift in Sources */ = {isa = PBXBuildFile; fileRef = B46181262331ADB4008D5BC2 /* OnboardingViewController.swift */; };
		B497888723121067009AFF48 /* rainbow2.wav in Resources */ = {isa = PBXBuildFile; fileRef = B497888623121067009AFF48 /* rainbow2.wav */; };
		B497888B23122A6D009AFF48 /* SplashScreen.storyboard in Resources */ = {isa = PBXBuildFile; fileRef = B497888A23122A6D009AFF48 /* SplashScreen.storyboard */; };
		B497888D23122B88009AFF48 /* SplashScreenViewController.swift in Sources */ = {isa = PBXBuildFile; fileRef = B497888C23122B88009AFF48 /* SplashScreenViewController.swift */; };
		B497889123163ABD009AFF48 /* whiteNoise_transition.wav in Resources */ = {isa = PBXBuildFile; fileRef = B497889023163ABD009AFF48 /* whiteNoise_transition.wav */; };
		B49788932316F646009AFF48 /* rainbow3.wav in Resources */ = {isa = PBXBuildFile; fileRef = B49788922316F646009AFF48 /* rainbow3.wav */; };
		B497889523171507009AFF48 /* rainbow3+glass_DoneLoud.wav in Resources */ = {isa = PBXBuildFile; fileRef = B497889423171507009AFF48 /* rainbow3+glass_DoneLoud.wav */; };
		B49811E02458E5D800501D92 /* Constants.swift in Sources */ = {isa = PBXBuildFile; fileRef = B49811DF2458E5D800501D92 /* Constants.swift */; };
		B4A34A9B22FBD76100FB66DE /* AppDelegate.swift in Sources */ = {isa = PBXBuildFile; fileRef = B4A34A9A22FBD76100FB66DE /* AppDelegate.swift */; };
		B4A34AA022FBD76100FB66DE /* Main.storyboard in Resources */ = {isa = PBXBuildFile; fileRef = B4A34A9E22FBD76100FB66DE /* Main.storyboard */; };
		B4A34AA222FBD76200FB66DE /* Assets.xcassets in Resources */ = {isa = PBXBuildFile; fileRef = B4A34AA122FBD76200FB66DE /* Assets.xcassets */; };
		B4A34AA522FBD76200FB66DE /* LaunchScreen.storyboard in Resources */ = {isa = PBXBuildFile; fileRef = B4A34AA322FBD76200FB66DE /* LaunchScreen.storyboard */; };
		B4B005C62446AF78000C06F4 /* ReviewController.swift in Sources */ = {isa = PBXBuildFile; fileRef = B4B005C52446AF78000C06F4 /* ReviewController.swift */; };
		B4B005C82447EAB3000C06F4 /* AlarmNotificationDelegate.swift in Sources */ = {isa = PBXBuildFile; fileRef = B4B005C72447EAB3000C06F4 /* AlarmNotificationDelegate.swift */; };
		B4C6985B22FCAA7A0088DA5C /* PDTimerViewController.swift in Sources */ = {isa = PBXBuildFile; fileRef = B4C6985A22FCAA7A0088DA5C /* PDTimerViewController.swift */; };
		B4E5E13F23064EAA000640D7 /* AVFoundation.framework in Frameworks */ = {isa = PBXBuildFile; fileRef = B4E5E13E23064EA9000640D7 /* AVFoundation.framework */; };
		B4E5E14823089422000640D7 /* whiteNoise.mp3 in Resources */ = {isa = PBXBuildFile; fileRef = B4E5E14723089422000640D7 /* whiteNoise.mp3 */; };
		B4E5E159230A2DCF000640D7 /* glass_DoneLoud.wav in Resources */ = {isa = PBXBuildFile; fileRef = B4E5E157230A2DCF000640D7 /* glass_DoneLoud.wav */; };
		B4E5E15D230A3091000640D7 /* rainbow1.wav in Resources */ = {isa = PBXBuildFile; fileRef = B4E5E15B230A3090000640D7 /* rainbow1.wav */; };
		B4F33E2C23529763004AD28C /* CardViewController.swift in Sources */ = {isa = PBXBuildFile; fileRef = B4F33E2A23529763004AD28C /* CardViewController.swift */; };
		B4F33E2D23529763004AD28C /* CardViewController.xib in Resources */ = {isa = PBXBuildFile; fileRef = B4F33E2B23529763004AD28C /* CardViewController.xib */; };
/* End PBXBuildFile section */

/* Begin PBXFileReference section */
		3304E30C881A1C8BC63F55A2 /* Pods-ZenTimer.debug.xcconfig */ = {isa = PBXFileReference; includeInIndex = 1; lastKnownFileType = text.xcconfig; name = "Pods-ZenTimer.debug.xcconfig"; path = "Target Support Files/Pods-ZenTimer/Pods-ZenTimer.debug.xcconfig"; sourceTree = "<group>"; };
		929736DEC96B0FDC10990B48 /* Pods-ZenTimer.release.xcconfig */ = {isa = PBXFileReference; includeInIndex = 1; lastKnownFileType = text.xcconfig; name = "Pods-ZenTimer.release.xcconfig"; path = "Target Support Files/Pods-ZenTimer/Pods-ZenTimer.release.xcconfig"; sourceTree = "<group>"; };
		B448109B22FFC9270092E4F0 /* PDTimer.swift */ = {isa = PBXFileReference; lastKnownFileType = sourcecode.swift; path = PDTimer.swift; sourceTree = "<group>"; };
		B448109D22FFC93A0092E4F0 /* PDTimerController.swift */ = {isa = PBXFileReference; lastKnownFileType = sourcecode.swift; path = PDTimerController.swift; sourceTree = "<group>"; };
		B448109F22FFCA2A0092E4F0 /* States.swift */ = {isa = PBXFileReference; lastKnownFileType = sourcecode.swift; path = States.swift; sourceTree = "<group>"; };
		B44810A322FFDA3E0092E4F0 /* DoubleExtension.swift */ = {isa = PBXFileReference; lastKnownFileType = sourcecode.swift; path = DoubleExtension.swift; sourceTree = "<group>"; };
		B4589CDF2331D7DD007525F3 /* paper_onboarding.framework */ = {isa = PBXFileReference; explicitFileType = wrapper.framework; path = paper_onboarding.framework; sourceTree = BUILT_PRODUCTS_DIR; };
		B46181242331AD82008D5BC2 /* Onboarding.storyboard */ = {isa = PBXFileReference; lastKnownFileType = file.storyboard; path = Onboarding.storyboard; sourceTree = "<group>"; };
		B46181262331ADB4008D5BC2 /* OnboardingViewController.swift */ = {isa = PBXFileReference; lastKnownFileType = sourcecode.swift; path = OnboardingViewController.swift; sourceTree = "<group>"; };
		B497888623121067009AFF48 /* rainbow2.wav */ = {isa = PBXFileReference; lastKnownFileType = audio.wav; path = rainbow2.wav; sourceTree = "<group>"; };
		B497888A23122A6D009AFF48 /* SplashScreen.storyboard */ = {isa = PBXFileReference; lastKnownFileType = file.storyboard; path = SplashScreen.storyboard; sourceTree = "<group>"; };
		B497888C23122B88009AFF48 /* SplashScreenViewController.swift */ = {isa = PBXFileReference; lastKnownFileType = sourcecode.swift; path = SplashScreenViewController.swift; sourceTree = "<group>"; };
		B497889023163ABD009AFF48 /* whiteNoise_transition.wav */ = {isa = PBXFileReference; lastKnownFileType = audio.wav; path = whiteNoise_transition.wav; sourceTree = "<group>"; };
		B49788922316F646009AFF48 /* rainbow3.wav */ = {isa = PBXFileReference; lastKnownFileType = audio.wav; path = rainbow3.wav; sourceTree = "<group>"; };
		B497889423171507009AFF48 /* rainbow3+glass_DoneLoud.wav */ = {isa = PBXFileReference; lastKnownFileType = audio.wav; path = "rainbow3+glass_DoneLoud.wav"; sourceTree = "<group>"; };
		B49811DF2458E5D800501D92 /* Constants.swift */ = {isa = PBXFileReference; lastKnownFileType = sourcecode.swift; path = Constants.swift; sourceTree = "<group>"; };
		B4A34A9722FBD76100FB66DE /* ZenTimer.app */ = {isa = PBXFileReference; explicitFileType = wrapper.application; includeInIndex = 0; path = ZenTimer.app; sourceTree = BUILT_PRODUCTS_DIR; };
		B4A34A9A22FBD76100FB66DE /* AppDelegate.swift */ = {isa = PBXFileReference; lastKnownFileType = sourcecode.swift; path = AppDelegate.swift; sourceTree = "<group>"; };
		B4A34A9F22FBD76100FB66DE /* Base */ = {isa = PBXFileReference; lastKnownFileType = file.storyboard; name = Base; path = Base.lproj/Main.storyboard; sourceTree = "<group>"; };
		B4A34AA122FBD76200FB66DE /* Assets.xcassets */ = {isa = PBXFileReference; lastKnownFileType = folder.assetcatalog; path = Assets.xcassets; sourceTree = "<group>"; };
		B4A34AA422FBD76200FB66DE /* Base */ = {isa = PBXFileReference; lastKnownFileType = file.storyboard; name = Base; path = Base.lproj/LaunchScreen.storyboard; sourceTree = "<group>"; };
		B4A34AA622FBD76200FB66DE /* Info.plist */ = {isa = PBXFileReference; lastKnownFileType = text.plist.xml; path = Info.plist; sourceTree = "<group>"; };
		B4B005C52446AF78000C06F4 /* ReviewController.swift */ = {isa = PBXFileReference; lastKnownFileType = sourcecode.swift; path = ReviewController.swift; sourceTree = "<group>"; };
		B4B005C72447EAB3000C06F4 /* AlarmNotificationDelegate.swift */ = {isa = PBXFileReference; lastKnownFileType = sourcecode.swift; path = AlarmNotificationDelegate.swift; sourceTree = "<group>"; };
		B4C6985A22FCAA7A0088DA5C /* PDTimerViewController.swift */ = {isa = PBXFileReference; lastKnownFileType = sourcecode.swift; path = PDTimerViewController.swift; sourceTree = "<group>"; };
		B4E5E13E23064EA9000640D7 /* AVFoundation.framework */ = {isa = PBXFileReference; lastKnownFileType = wrapper.framework; name = AVFoundation.framework; path = System/Library/Frameworks/AVFoundation.framework; sourceTree = SDKROOT; };
		B4E5E14723089422000640D7 /* whiteNoise.mp3 */ = {isa = PBXFileReference; lastKnownFileType = audio.mp3; path = whiteNoise.mp3; sourceTree = "<group>"; };
		B4E5E157230A2DCF000640D7 /* glass_DoneLoud.wav */ = {isa = PBXFileReference; lastKnownFileType = audio.wav; path = glass_DoneLoud.wav; sourceTree = "<group>"; };
		B4E5E15B230A3090000640D7 /* rainbow1.wav */ = {isa = PBXFileReference; lastKnownFileType = audio.wav; path = rainbow1.wav; sourceTree = "<group>"; };
		B4F33E2A23529763004AD28C /* CardViewController.swift */ = {isa = PBXFileReference; lastKnownFileType = sourcecode.swift; path = CardViewController.swift; sourceTree = "<group>"; };
		B4F33E2B23529763004AD28C /* CardViewController.xib */ = {isa = PBXFileReference; lastKnownFileType = file.xib; path = CardViewController.xib; sourceTree = "<group>"; };
		D4E9043E6BB911AF8827310B /* Pods_ZenTimer.framework */ = {isa = PBXFileReference; explicitFileType = wrapper.framework; includeInIndex = 0; path = Pods_ZenTimer.framework; sourceTree = BUILT_PRODUCTS_DIR; };
/* End PBXFileReference section */

/* Begin PBXFrameworksBuildPhase section */
		B4A34A9422FBD76100FB66DE /* Frameworks */ = {
			isa = PBXFrameworksBuildPhase;
			buildActionMask = 2147483647;
			files = (
				B4589CE02331D7DD007525F3 /* paper_onboarding.framework in Frameworks */,
				B4E5E13F23064EAA000640D7 /* AVFoundation.framework in Frameworks */,
				48779BAB34F7BC024554989F /* Pods_ZenTimer.framework in Frameworks */,
			);
			runOnlyForDeploymentPostprocessing = 0;
		};
/* End PBXFrameworksBuildPhase section */

/* Begin PBXGroup section */
		7613DA346EBC135F9317AF04 /* Pods */ = {
			isa = PBXGroup;
			children = (
				3304E30C881A1C8BC63F55A2 /* Pods-ZenTimer.debug.xcconfig */,
				929736DEC96B0FDC10990B48 /* Pods-ZenTimer.release.xcconfig */,
			);
			path = Pods;
			sourceTree = "<group>";
		};
		7BA769F9B4A4D1E1CAE2E0F1 /* Frameworks */ = {
			isa = PBXGroup;
			children = (
				B4589CDF2331D7DD007525F3 /* paper_onboarding.framework */,
				B4E5E13E23064EA9000640D7 /* AVFoundation.framework */,
				D4E9043E6BB911AF8827310B /* Pods_ZenTimer.framework */,
			);
			name = Frameworks;
			sourceTree = "<group>";
		};
		B44810A122FFCA310092E4F0 /* Helpers */ = {
			isa = PBXGroup;
			children = (
				B448109F22FFCA2A0092E4F0 /* States.swift */,
				B4B005C72447EAB3000C06F4 /* AlarmNotificationDelegate.swift */,
				B44810A322FFDA3E0092E4F0 /* DoubleExtension.swift */,
				B49811DF2458E5D800501D92 /* Constants.swift */,
			);
			path = Helpers;
			sourceTree = "<group>";
		};
		B44810A222FFCA4B0092E4F0 /* Resources */ = {
			isa = PBXGroup;
			children = (
				B4A34AA622FBD76200FB66DE /* Info.plist */,
			);
			path = Resources;
			sourceTree = "<group>";
		};
		B4A34A8E22FBD76100FB66DE = {
			isa = PBXGroup;
			children = (
				B4A34A9922FBD76100FB66DE /* ZenTimer */,
				B4A34A9822FBD76100FB66DE /* Products */,
				7613DA346EBC135F9317AF04 /* Pods */,
				7BA769F9B4A4D1E1CAE2E0F1 /* Frameworks */,
			);
			sourceTree = "<group>";
		};
		B4A34A9822FBD76100FB66DE /* Products */ = {
			isa = PBXGroup;
			children = (
				B4A34A9722FBD76100FB66DE /* ZenTimer.app */,
			);
			name = Products;
			sourceTree = "<group>";
		};
		B4A34A9922FBD76100FB66DE /* ZenTimer */ = {
			isa = PBXGroup;
			children = (
				B4E5E1402306505C000640D7 /* Sounds */,
				B4C6985822FCA5730088DA5C /* Model */,
				B4C6985722FCA5650088DA5C /* View */,
				B4C6985922FCA5790088DA5C /* Controller */,
				B4C6985622FCA5470088DA5C /* UI */,
				B44810A122FFCA310092E4F0 /* Helpers */,
				B44810A222FFCA4B0092E4F0 /* Resources */,
			);
			path = ZenTimer;
			sourceTree = "<group>";
		};
		B4C6985622FCA5470088DA5C /* UI */ = {
			isa = PBXGroup;
			children = (
				B4A34A9E22FBD76100FB66DE /* Main.storyboard */,
				B46181242331AD82008D5BC2 /* Onboarding.storyboard */,
				B497888A23122A6D009AFF48 /* SplashScreen.storyboard */,
				B4A34AA322FBD76200FB66DE /* LaunchScreen.storyboard */,
				B4F33E2B23529763004AD28C /* CardViewController.xib */,
				B4A34AA122FBD76200FB66DE /* Assets.xcassets */,
			);
			path = UI;
			sourceTree = "<group>";
		};
		B4C6985722FCA5650088DA5C /* View */ = {
			isa = PBXGroup;
			children = (
				B4A34A9A22FBD76100FB66DE /* AppDelegate.swift */,
				B4C6985A22FCAA7A0088DA5C /* PDTimerViewController.swift */,
				B497888C23122B88009AFF48 /* SplashScreenViewController.swift */,
				B46181262331ADB4008D5BC2 /* OnboardingViewController.swift */,
				B4F33E2A23529763004AD28C /* CardViewController.swift */,
			);
			path = View;
			sourceTree = "<group>";
		};
		B4C6985822FCA5730088DA5C /* Model */ = {
			isa = PBXGroup;
			children = (
				B448109B22FFC9270092E4F0 /* PDTimer.swift */,
			);
			path = Model;
			sourceTree = "<group>";
		};
		B4C6985922FCA5790088DA5C /* Controller */ = {
			isa = PBXGroup;
			children = (
				B448109D22FFC93A0092E4F0 /* PDTimerController.swift */,
				B4B005C52446AF78000C06F4 /* ReviewController.swift */,
			);
			path = Controller;
			sourceTree = "<group>";
		};
		B4E5E1402306505C000640D7 /* Sounds */ = {
			isa = PBXGroup;
			children = (
				B4E5E14723089422000640D7 /* whiteNoise.mp3 */,
				B497889023163ABD009AFF48 /* whiteNoise_transition.wav */,
				B4E5E157230A2DCF000640D7 /* glass_DoneLoud.wav */,
				B4E5E15B230A3090000640D7 /* rainbow1.wav */,
				B497888623121067009AFF48 /* rainbow2.wav */,
				B49788922316F646009AFF48 /* rainbow3.wav */,
				B497889423171507009AFF48 /* rainbow3+glass_DoneLoud.wav */,
			);
			path = Sounds;
			sourceTree = "<group>";
		};
/* End PBXGroup section */

/* Begin PBXNativeTarget section */
		B4A34A9622FBD76100FB66DE /* ZenTimer */ = {
			isa = PBXNativeTarget;
			buildConfigurationList = B4A34AA922FBD76200FB66DE /* Build configuration list for PBXNativeTarget "ZenTimer" */;
			buildPhases = (
				B690514622AEF39DFF726EEB /* [CP] Check Pods Manifest.lock */,
				B4A34A9322FBD76100FB66DE /* Sources */,
				B4A34A9422FBD76100FB66DE /* Frameworks */,
				B4A34A9522FBD76100FB66DE /* Resources */,
				DA378423C9A75F8AAA1A0CC3 /* [CP] Embed Pods Frameworks */,
			);
			buildRules = (
			);
			dependencies = (
			);
			name = ZenTimer;
			productName = ZenTimer;
			productReference = B4A34A9722FBD76100FB66DE /* ZenTimer.app */;
			productType = "com.apple.product-type.application";
		};
/* End PBXNativeTarget section */

/* Begin PBXProject section */
		B4A34A8F22FBD76100FB66DE /* Project object */ = {
			isa = PBXProject;
			attributes = {
				LastSwiftUpdateCheck = 1030;
				LastUpgradeCheck = 1030;
				ORGANIZATIONNAME = "Kainoa Palama";
				TargetAttributes = {
					B4A34A9622FBD76100FB66DE = {
						CreatedOnToolsVersion = 10.3;
						SystemCapabilities = {
							com.apple.BackgroundModes = {
								enabled = 1;
							};
						};
					};
				};
			};
			buildConfigurationList = B4A34A9222FBD76100FB66DE /* Build configuration list for PBXProject "ZenTimer" */;
			compatibilityVersion = "Xcode 9.3";
			developmentRegion = en;
			hasScannedForEncodings = 0;
			knownRegions = (
				en,
				Base,
				"zh-Hans",
			);
			mainGroup = B4A34A8E22FBD76100FB66DE;
			productRefGroup = B4A34A9822FBD76100FB66DE /* Products */;
			projectDirPath = "";
			projectRoot = "";
			targets = (
				B4A34A9622FBD76100FB66DE /* ZenTimer */,
			);
		};
/* End PBXProject section */

/* Begin PBXResourcesBuildPhase section */
		B4A34A9522FBD76100FB66DE /* Resources */ = {
			isa = PBXResourcesBuildPhase;
			buildActionMask = 2147483647;
			files = (
				B4E5E14823089422000640D7 /* whiteNoise.mp3 in Resources */,
				B497888B23122A6D009AFF48 /* SplashScreen.storyboard in Resources */,
				B4E5E159230A2DCF000640D7 /* glass_DoneLoud.wav in Resources */,
				B46181252331AD82008D5BC2 /* Onboarding.storyboard in Resources */,
				B4A34AA522FBD76200FB66DE /* LaunchScreen.storyboard in Resources */,
				B4F33E2D23529763004AD28C /* CardViewController.xib in Resources */,
				B4E5E15D230A3091000640D7 /* rainbow1.wav in Resources */,
				B497888723121067009AFF48 /* rainbow2.wav in Resources */,
				B497889523171507009AFF48 /* rainbow3+glass_DoneLoud.wav in Resources */,
				B4A34AA222FBD76200FB66DE /* Assets.xcassets in Resources */,
				B497889123163ABD009AFF48 /* whiteNoise_transition.wav in Resources */,
				B49788932316F646009AFF48 /* rainbow3.wav in Resources */,
				B4A34AA022FBD76100FB66DE /* Main.storyboard in Resources */,
			);
			runOnlyForDeploymentPostprocessing = 0;
		};
/* End PBXResourcesBuildPhase section */

/* Begin PBXShellScriptBuildPhase section */
		B690514622AEF39DFF726EEB /* [CP] Check Pods Manifest.lock */ = {
			isa = PBXShellScriptBuildPhase;
			buildActionMask = 2147483647;
			files = (
			);
			inputFileListPaths = (
			);
			inputPaths = (
				"${PODS_PODFILE_DIR_PATH}/Podfile.lock",
				"${PODS_ROOT}/Manifest.lock",
			);
			name = "[CP] Check Pods Manifest.lock";
			outputFileListPaths = (
			);
			outputPaths = (
				"$(DERIVED_FILE_DIR)/Pods-ZenTimer-checkManifestLockResult.txt",
			);
			runOnlyForDeploymentPostprocessing = 0;
			shellPath = /bin/sh;
			shellScript = "diff \"${PODS_PODFILE_DIR_PATH}/Podfile.lock\" \"${PODS_ROOT}/Manifest.lock\" > /dev/null\nif [ $? != 0 ] ; then\n    # print error to STDERR\n    echo \"error: The sandbox is not in sync with the Podfile.lock. Run 'pod install' or update your CocoaPods installation.\" >&2\n    exit 1\nfi\n# This output is used by Xcode 'outputs' to avoid re-running this script phase.\necho \"SUCCESS\" > \"${SCRIPT_OUTPUT_FILE_0}\"\n";
			showEnvVarsInLog = 0;
		};
		DA378423C9A75F8AAA1A0CC3 /* [CP] Embed Pods Frameworks */ = {
			isa = PBXShellScriptBuildPhase;
			buildActionMask = 2147483647;
			files = (
			);
			inputFileListPaths = (
				"${PODS_ROOT}/Target Support Files/Pods-ZenTimer/Pods-ZenTimer-frameworks-${CONFIGURATION}-input-files.xcfilelist",
			);
			name = "[CP] Embed Pods Frameworks";
			outputFileListPaths = (
				"${PODS_ROOT}/Target Support Files/Pods-ZenTimer/Pods-ZenTimer-frameworks-${CONFIGURATION}-output-files.xcfilelist",
			);
			runOnlyForDeploymentPostprocessing = 0;
			shellPath = /bin/sh;
			shellScript = "\"${PODS_ROOT}/Target Support Files/Pods-ZenTimer/Pods-ZenTimer-frameworks.sh\"\n";
			showEnvVarsInLog = 0;
		};
/* End PBXShellScriptBuildPhase section */

/* Begin PBXSourcesBuildPhase section */
		B4A34A9322FBD76100FB66DE /* Sources */ = {
			isa = PBXSourcesBuildPhase;
			buildActionMask = 2147483647;
			files = (
				B44810A422FFDA3E0092E4F0 /* DoubleExtension.swift in Sources */,
				B44810A022FFCA2A0092E4F0 /* States.swift in Sources */,
				B497888D23122B88009AFF48 /* SplashScreenViewController.swift in Sources */,
				B4B005C62446AF78000C06F4 /* ReviewController.swift in Sources */,
				B46181272331ADB4008D5BC2 /* OnboardingViewController.swift in Sources */,
				B4C6985B22FCAA7A0088DA5C /* PDTimerViewController.swift in Sources */,
				B4F33E2C23529763004AD28C /* CardViewController.swift in Sources */,
				B448109C22FFC9270092E4F0 /* PDTimer.swift in Sources */,
				B4A34A9B22FBD76100FB66DE /* AppDelegate.swift in Sources */,
				B448109E22FFC93A0092E4F0 /* PDTimerController.swift in Sources */,
				B4B005C82447EAB3000C06F4 /* AlarmNotificationDelegate.swift in Sources */,
				B49811E02458E5D800501D92 /* Constants.swift in Sources */,
			);
			runOnlyForDeploymentPostprocessing = 0;
		};
/* End PBXSourcesBuildPhase section */

/* Begin PBXVariantGroup section */
		B4A34A9E22FBD76100FB66DE /* Main.storyboard */ = {
			isa = PBXVariantGroup;
			children = (
				B4A34A9F22FBD76100FB66DE /* Base */,
			);
			name = Main.storyboard;
			sourceTree = "<group>";
		};
		B4A34AA322FBD76200FB66DE /* LaunchScreen.storyboard */ = {
			isa = PBXVariantGroup;
			children = (
				B4A34AA422FBD76200FB66DE /* Base */,
			);
			name = LaunchScreen.storyboard;
			sourceTree = "<group>";
		};
/* End PBXVariantGroup section */

/* Begin XCBuildConfiguration section */
		B4A34AA722FBD76200FB66DE /* Debug */ = {
			isa = XCBuildConfiguration;
			buildSettings = {
				ALWAYS_SEARCH_USER_PATHS = NO;
				CLANG_ANALYZER_LOCALIZABILITY_NONLOCALIZED = YES;
				CLANG_ANALYZER_NONNULL = YES;
				CLANG_ANALYZER_NUMBER_OBJECT_CONVERSION = YES_AGGRESSIVE;
				CLANG_CXX_LANGUAGE_STANDARD = "gnu++14";
				CLANG_CXX_LIBRARY = "libc++";
				CLANG_ENABLE_MODULES = YES;
				CLANG_ENABLE_OBJC_ARC = YES;
				CLANG_ENABLE_OBJC_WEAK = YES;
				CLANG_WARN_BLOCK_CAPTURE_AUTORELEASING = YES;
				CLANG_WARN_BOOL_CONVERSION = YES;
				CLANG_WARN_COMMA = YES;
				CLANG_WARN_CONSTANT_CONVERSION = YES;
				CLANG_WARN_DEPRECATED_OBJC_IMPLEMENTATIONS = YES;
				CLANG_WARN_DIRECT_OBJC_ISA_USAGE = YES_ERROR;
				CLANG_WARN_DOCUMENTATION_COMMENTS = YES;
				CLANG_WARN_EMPTY_BODY = YES;
				CLANG_WARN_ENUM_CONVERSION = YES;
				CLANG_WARN_INFINITE_RECURSION = YES;
				CLANG_WARN_INT_CONVERSION = YES;
				CLANG_WARN_NON_LITERAL_NULL_CONVERSION = YES;
				CLANG_WARN_OBJC_IMPLICIT_RETAIN_SELF = YES;
				CLANG_WARN_OBJC_LITERAL_CONVERSION = YES;
				CLANG_WARN_OBJC_ROOT_CLASS = YES_ERROR;
				CLANG_WARN_RANGE_LOOP_ANALYSIS = YES;
				CLANG_WARN_STRICT_PROTOTYPES = YES;
				CLANG_WARN_SUSPICIOUS_MOVE = YES;
				CLANG_WARN_UNGUARDED_AVAILABILITY = YES_AGGRESSIVE;
				CLANG_WARN_UNREACHABLE_CODE = YES;
				CLANG_WARN__DUPLICATE_METHOD_MATCH = YES;
				CODE_SIGN_IDENTITY = "iPhone Developer";
				COPY_PHASE_STRIP = NO;
				DEBUG_INFORMATION_FORMAT = dwarf;
				ENABLE_STRICT_OBJC_MSGSEND = YES;
				ENABLE_TESTABILITY = YES;
				GCC_C_LANGUAGE_STANDARD = gnu11;
				GCC_DYNAMIC_NO_PIC = NO;
				GCC_NO_COMMON_BLOCKS = YES;
				GCC_OPTIMIZATION_LEVEL = 0;
				GCC_PREPROCESSOR_DEFINITIONS = (
					"DEBUG=1",
					"$(inherited)",
				);
				GCC_WARN_64_TO_32_BIT_CONVERSION = YES;
				GCC_WARN_ABOUT_RETURN_TYPE = YES_ERROR;
				GCC_WARN_UNDECLARED_SELECTOR = YES;
				GCC_WARN_UNINITIALIZED_AUTOS = YES_AGGRESSIVE;
				GCC_WARN_UNUSED_FUNCTION = YES;
				GCC_WARN_UNUSED_VARIABLE = YES;
				IPHONEOS_DEPLOYMENT_TARGET = 12.4;
				MTL_ENABLE_DEBUG_INFO = INCLUDE_SOURCE;
				MTL_FAST_MATH = YES;
				ONLY_ACTIVE_ARCH = YES;
				SDKROOT = iphoneos;
				SWIFT_ACTIVE_COMPILATION_CONDITIONS = DEBUG;
				SWIFT_OPTIMIZATION_LEVEL = "-Onone";
			};
			name = Debug;
		};
		B4A34AA822FBD76200FB66DE /* Release */ = {
			isa = XCBuildConfiguration;
			buildSettings = {
				ALWAYS_SEARCH_USER_PATHS = NO;
				CLANG_ANALYZER_LOCALIZABILITY_NONLOCALIZED = YES;
				CLANG_ANALYZER_NONNULL = YES;
				CLANG_ANALYZER_NUMBER_OBJECT_CONVERSION = YES_AGGRESSIVE;
				CLANG_CXX_LANGUAGE_STANDARD = "gnu++14";
				CLANG_CXX_LIBRARY = "libc++";
				CLANG_ENABLE_MODULES = YES;
				CLANG_ENABLE_OBJC_ARC = YES;
				CLANG_ENABLE_OBJC_WEAK = YES;
				CLANG_WARN_BLOCK_CAPTURE_AUTORELEASING = YES;
				CLANG_WARN_BOOL_CONVERSION = YES;
				CLANG_WARN_COMMA = YES;
				CLANG_WARN_CONSTANT_CONVERSION = YES;
				CLANG_WARN_DEPRECATED_OBJC_IMPLEMENTATIONS = YES;
				CLANG_WARN_DIRECT_OBJC_ISA_USAGE = YES_ERROR;
				CLANG_WARN_DOCUMENTATION_COMMENTS = YES;
				CLANG_WARN_EMPTY_BODY = YES;
				CLANG_WARN_ENUM_CONVERSION = YES;
				CLANG_WARN_INFINITE_RECURSION = YES;
				CLANG_WARN_INT_CONVERSION = YES;
				CLANG_WARN_NON_LITERAL_NULL_CONVERSION = YES;
				CLANG_WARN_OBJC_IMPLICIT_RETAIN_SELF = YES;
				CLANG_WARN_OBJC_LITERAL_CONVERSION = YES;
				CLANG_WARN_OBJC_ROOT_CLASS = YES_ERROR;
				CLANG_WARN_RANGE_LOOP_ANALYSIS = YES;
				CLANG_WARN_STRICT_PROTOTYPES = YES;
				CLANG_WARN_SUSPICIOUS_MOVE = YES;
				CLANG_WARN_UNGUARDED_AVAILABILITY = YES_AGGRESSIVE;
				CLANG_WARN_UNREACHABLE_CODE = YES;
				CLANG_WARN__DUPLICATE_METHOD_MATCH = YES;
				CODE_SIGN_IDENTITY = "iPhone Developer";
				COPY_PHASE_STRIP = NO;
				DEBUG_INFORMATION_FORMAT = "dwarf-with-dsym";
				ENABLE_NS_ASSERTIONS = NO;
				ENABLE_STRICT_OBJC_MSGSEND = YES;
				GCC_C_LANGUAGE_STANDARD = gnu11;
				GCC_NO_COMMON_BLOCKS = YES;
				GCC_WARN_64_TO_32_BIT_CONVERSION = YES;
				GCC_WARN_ABOUT_RETURN_TYPE = YES_ERROR;
				GCC_WARN_UNDECLARED_SELECTOR = YES;
				GCC_WARN_UNINITIALIZED_AUTOS = YES_AGGRESSIVE;
				GCC_WARN_UNUSED_FUNCTION = YES;
				GCC_WARN_UNUSED_VARIABLE = YES;
				IPHONEOS_DEPLOYMENT_TARGET = 12.4;
				MTL_ENABLE_DEBUG_INFO = NO;
				MTL_FAST_MATH = YES;
				SDKROOT = iphoneos;
				SWIFT_COMPILATION_MODE = wholemodule;
				SWIFT_OPTIMIZATION_LEVEL = "-O";
				VALIDATE_PRODUCT = YES;
			};
			name = Release;
		};
		B4A34AAA22FBD76200FB66DE /* Debug */ = {
			isa = XCBuildConfiguration;
			baseConfigurationReference = 3304E30C881A1C8BC63F55A2 /* Pods-ZenTimer.debug.xcconfig */;
			buildSettings = {
				ASSETCATALOG_COMPILER_APPICON_NAME = AppIcon;
				CODE_SIGN_STYLE = Automatic;
				CURRENT_PROJECT_VERSION = 3;
				DEVELOPMENT_TEAM = 4QXP9H2CH3;
				INFOPLIST_FILE = "$(SRCROOT)/ZenTimer/Resources/Info.plist";
				IPHONEOS_DEPLOYMENT_TARGET = 12.0;
				LD_RUNPATH_SEARCH_PATHS = (
					"$(inherited)",
					"@executable_path/Frameworks",
				);
				MARKETING_VERSION = 1.1;
				PRODUCT_BUNDLE_IDENTIFIER = com.KainoaPalama.QuartzTimer;
				PRODUCT_NAME = "$(TARGET_NAME)";
				SWIFT_VERSION = 5.0;
				TARGETED_DEVICE_FAMILY = "1,2";
			};
			name = Debug;
		};
		B4A34AAB22FBD76200FB66DE /* Release */ = {
			isa = XCBuildConfiguration;
			baseConfigurationReference = 929736DEC96B0FDC10990B48 /* Pods-ZenTimer.release.xcconfig */;
			buildSettings = {
				ASSETCATALOG_COMPILER_APPICON_NAME = AppIcon;
				CODE_SIGN_STYLE = Automatic;
				CURRENT_PROJECT_VERSION = 3;
				DEVELOPMENT_TEAM = 4QXP9H2CH3;
				INFOPLIST_FILE = "$(SRCROOT)/ZenTimer/Resources/Info.plist";
				IPHONEOS_DEPLOYMENT_TARGET = 12.0;
				LD_RUNPATH_SEARCH_PATHS = (
					"$(inherited)",
					"@executable_path/Frameworks",
				);
				MARKETING_VERSION = 1.1;
				PRODUCT_BUNDLE_IDENTIFIER = com.KainoaPalama.QuartzTimer;
				PRODUCT_NAME = "$(TARGET_NAME)";
				SWIFT_VERSION = 5.0;
				TARGETED_DEVICE_FAMILY = "1,2";
			};
			name = Release;
		};
/* End XCBuildConfiguration section */

/* Begin XCConfigurationList section */
		B4A34A9222FBD76100FB66DE /* Build configuration list for PBXProject "ZenTimer" */ = {
			isa = XCConfigurationList;
			buildConfigurations = (
				B4A34AA722FBD76200FB66DE /* Debug */,
				B4A34AA822FBD76200FB66DE /* Release */,
			);
			defaultConfigurationIsVisible = 0;
			defaultConfigurationName = Release;
		};
		B4A34AA922FBD76200FB66DE /* Build configuration list for PBXNativeTarget "ZenTimer" */ = {
			isa = XCConfigurationList;
			buildConfigurations = (
				B4A34AAA22FBD76200FB66DE /* Debug */,
				B4A34AAB22FBD76200FB66DE /* Release */,
			);
			defaultConfigurationIsVisible = 0;
			defaultConfigurationName = Release;
		};
/* End XCConfigurationList section */
	};
	rootObject = B4A34A8F22FBD76100FB66DE /* Project object */;
}
